// !$*UTF8*$!
{
	archiveVersion = 1;
	classes = {
	};
	objectVersion = 46;
	objects = {

/* Begin PBXBuildFile section */
		11A873C48278641884BEEA0A /* LMSSearchListViewModel.m in Sources */ = {isa = PBXBuildFile; fileRef = 11A87C1C969A2222F4419825 /* LMSSearchListViewModel.m */; };
		11A8746DF78FF5F965BD952F /* LMSSearchListViewController.storyboard in Resources */ = {isa = PBXBuildFile; fileRef = 11A87725DC2EFDA7F205618A /* LMSSearchListViewController.storyboard */; };
		11A87509A686F5455DA2D792 /* LMSDataClientAssembly.m in Sources */ = {isa = PBXBuildFile; fileRef = 11A875ACB88D3A809E7EFE23 /* LMSDataClientAssembly.m */; };
		11A8752E7780800CB274260A /* UISearchBar+RACAdditions.m in Sources */ = {isa = PBXBuildFile; fileRef = 11A87E06442FFB697BE2309C /* UISearchBar+RACAdditions.m */; };
		11A875E6D3EC42942E3E4889 /* LMSVideoPreviewViewController.m in Sources */ = {isa = PBXBuildFile; fileRef = 11A873FEFBBB827F8343C766 /* LMSVideoPreviewViewController.m */; };
		11A8785BA0BEB09B1AECB248 /* LMSVideoSearchEntity.m in Sources */ = {isa = PBXBuildFile; fileRef = 11A872F6B5945D5B48456824 /* LMSVideoSearchEntity.m */; };
		11A87BAC08A865388A8210CA /* LMSRootViewController.m in Sources */ = {isa = PBXBuildFile; fileRef = 11A87DD27DC4023EC2B6EFC9 /* LMSRootViewController.m */; };
		11A87BAE295A1E9065FC0FF5 /* LMSVideoPreviewViewModel.m in Sources */ = {isa = PBXBuildFile; fileRef = 11A87C173F3D8E0A3DA04E0D /* LMSVideoPreviewViewModel.m */; };
		11A87C0683C1FC699D7F57CB /* LMSSearchListViewController.m in Sources */ = {isa = PBXBuildFile; fileRef = 11A87A14980388C31C5F7427 /* LMSSearchListViewController.m */; };
		11A87C774E5A22B0893ECDA8 /* LMSApplicationAssembly.m in Sources */ = {isa = PBXBuildFile; fileRef = 11A8771E4D5BF1C35885AFBB /* LMSApplicationAssembly.m */; };
		11A87CA8290FE9562E0DE9F3 /* LMSDataClient.m in Sources */ = {isa = PBXBuildFile; fileRef = 11A87DF02F94B48EEC483A9F /* LMSDataClient.m */; };
		11A87CC91642F986E0509C19 /* Configuration.json in Resources */ = {isa = PBXBuildFile; fileRef = 11A874D2A04BFF5627FCB0CE /* Configuration.json */; };
		11A87CF5365BB1E8847702E3 /* LMSYoutubeBackend.m in Sources */ = {isa = PBXBuildFile; fileRef = 11A87A50FBBE368B43801410 /* LMSYoutubeBackend.m */; };
		11A87DD9F99E3AB6474D2EBE /* LMSViewControllerAssembly.m in Sources */ = {isa = PBXBuildFile; fileRef = 11A8710330D7A3EF85E450FA /* LMSViewControllerAssembly.m */; };
		11A87DF501DB32F6316020C4 /* LMSVideoPreviewViewController.storyboard in Resources */ = {isa = PBXBuildFile; fileRef = 11A874C13882BCD42F0135C7 /* LMSVideoPreviewViewController.storyboard */; };
		11A87E53B7FC5EA6989F20B1 /* LMSViewModelAssembly.m in Sources */ = {isa = PBXBuildFile; fileRef = 11A879A651C8C18E1C0DEBC2 /* LMSViewModelAssembly.m */; };
		11A87EBA5049703ACD79C96E /* LMSRootViewController.storyboard in Resources */ = {isa = PBXBuildFile; fileRef = 11A87ACF13BA9DE5C2CE5709 /* LMSRootViewController.storyboard */; };
		DFB7BB7D4AE76FE2573024A8 /* libPods.a in Frameworks */ = {isa = PBXBuildFile; fileRef = B494163C0A2E070383E6E1AC /* libPods.a */; };
		EBFC0BEC1C01FED500C1F5EF /* main.m in Sources */ = {isa = PBXBuildFile; fileRef = EBFC0BEB1C01FED500C1F5EF /* main.m */; };
		EBFC0BEF1C01FED500C1F5EF /* AppDelegate.m in Sources */ = {isa = PBXBuildFile; fileRef = EBFC0BEE1C01FED500C1F5EF /* AppDelegate.m */; };
		EBFC0BF71C01FED500C1F5EF /* Assets.xcassets in Resources */ = {isa = PBXBuildFile; fileRef = EBFC0BF61C01FED500C1F5EF /* Assets.xcassets */; };
		EBFC0BFA1C01FED500C1F5EF /* LaunchScreen.storyboard in Resources */ = {isa = PBXBuildFile; fileRef = EBFC0BF81C01FED500C1F5EF /* LaunchScreen.storyboard */; };
		EBFC0C051C01FED500C1F5EF /* ExampleYoutubePlayerTests.m in Sources */ = {isa = PBXBuildFile; fileRef = EBFC0C041C01FED500C1F5EF /* ExampleYoutubePlayerTests.m */; };
		EBFC0C101C01FED500C1F5EF /* ExampleYoutubePlayerUITests.m in Sources */ = {isa = PBXBuildFile; fileRef = EBFC0C0F1C01FED500C1F5EF /* ExampleYoutubePlayerUITests.m */; };
/* End PBXBuildFile section */

/* Begin PBXContainerItemProxy section */
		EBFC0C011C01FED500C1F5EF /* PBXContainerItemProxy */ = {
			isa = PBXContainerItemProxy;
			containerPortal = EBFC0BDF1C01FED500C1F5EF /* Project object */;
			proxyType = 1;
			remoteGlobalIDString = EBFC0BE61C01FED500C1F5EF;
			remoteInfo = ExampleYoutubePlayer;
		};
		EBFC0C0C1C01FED500C1F5EF /* PBXContainerItemProxy */ = {
			isa = PBXContainerItemProxy;
			containerPortal = EBFC0BDF1C01FED500C1F5EF /* Project object */;
			proxyType = 1;
			remoteGlobalIDString = EBFC0BE61C01FED500C1F5EF;
			remoteInfo = ExampleYoutubePlayer;
		};
/* End PBXContainerItemProxy section */

/* Begin PBXFileReference section */
		11A8710330D7A3EF85E450FA /* LMSViewControllerAssembly.m */ = {isa = PBXFileReference; fileEncoding = 4; lastKnownFileType = sourcecode.c.objc; path = LMSViewControllerAssembly.m; sourceTree = "<group>"; };
		11A872F6B5945D5B48456824 /* LMSVideoSearchEntity.m */ = {isa = PBXFileReference; fileEncoding = 4; lastKnownFileType = sourcecode.c.objc; path = LMSVideoSearchEntity.m; sourceTree = "<group>"; };
		11A87375D51A28107693A459 /* LMSRootViewController.h */ = {isa = PBXFileReference; fileEncoding = 4; lastKnownFileType = sourcecode.c.h; path = LMSRootViewController.h; sourceTree = "<group>"; };
		11A873FEFBBB827F8343C766 /* LMSVideoPreviewViewController.m */ = {isa = PBXFileReference; fileEncoding = 4; lastKnownFileType = sourcecode.c.objc; path = LMSVideoPreviewViewController.m; sourceTree = "<group>"; };
		11A874337C1FBA8C9E9DE8F7 /* LMSYoutubeAPIProtocol.h */ = {isa = PBXFileReference; fileEncoding = 4; lastKnownFileType = sourcecode.c.h; path = LMSYoutubeAPIProtocol.h; sourceTree = "<group>"; };
		11A874C13882BCD42F0135C7 /* LMSVideoPreviewViewController.storyboard */ = {isa = PBXFileReference; lastKnownFileType = file.storyboard; path = LMSVideoPreviewViewController.storyboard; sourceTree = "<group>"; };
		11A874D2A04BFF5627FCB0CE /* Configuration.json */ = {isa = PBXFileReference; lastKnownFileType = text.json; path = Configuration.json; sourceTree = "<group>"; };
		11A8759F75CEB78D4E834E35 /* LMSVideoSearchEntity.h */ = {isa = PBXFileReference; fileEncoding = 4; lastKnownFileType = sourcecode.c.h; path = LMSVideoSearchEntity.h; sourceTree = "<group>"; };
		11A875ACB88D3A809E7EFE23 /* LMSDataClientAssembly.m */ = {isa = PBXFileReference; fileEncoding = 4; lastKnownFileType = sourcecode.c.objc; path = LMSDataClientAssembly.m; sourceTree = "<group>"; };
		11A875C6C527968EE4D917AC /* UISearchBar+RACAdditions.h */ = {isa = PBXFileReference; fileEncoding = 4; lastKnownFileType = sourcecode.c.h; path = "UISearchBar+RACAdditions.h"; sourceTree = "<group>"; };
		11A875CFFE338850BEC8817D /* LMSYoutubeBackend.h */ = {isa = PBXFileReference; fileEncoding = 4; lastKnownFileType = sourcecode.c.h; path = LMSYoutubeBackend.h; sourceTree = "<group>"; };
		11A875D27ECA9ADBB5B251D5 /* LMSVideoPreviewViewModel.h */ = {isa = PBXFileReference; fileEncoding = 4; lastKnownFileType = sourcecode.c.h; path = LMSVideoPreviewViewModel.h; sourceTree = "<group>"; };
		11A875E9A55FEA3F2D5D2CA3 /* LMSViewControllerAssembly.h */ = {isa = PBXFileReference; fileEncoding = 4; lastKnownFileType = sourcecode.c.h; path = LMSViewControllerAssembly.h; sourceTree = "<group>"; };
		11A8769DCEB040B050E0D8D5 /* LMSVideoPreviewViewController.h */ = {isa = PBXFileReference; fileEncoding = 4; lastKnownFileType = sourcecode.c.h; path = LMSVideoPreviewViewController.h; sourceTree = "<group>"; };
		11A8771E4D5BF1C35885AFBB /* LMSApplicationAssembly.m */ = {isa = PBXFileReference; fileEncoding = 4; lastKnownFileType = sourcecode.c.objc; path = LMSApplicationAssembly.m; sourceTree = "<group>"; };
		11A87725DC2EFDA7F205618A /* LMSSearchListViewController.storyboard */ = {isa = PBXFileReference; lastKnownFileType = file.storyboard; path = LMSSearchListViewController.storyboard; sourceTree = "<group>"; };
		11A877306A699F78BEA0CBD6 /* LMSDataClient.h */ = {isa = PBXFileReference; fileEncoding = 4; lastKnownFileType = sourcecode.c.h; path = LMSDataClient.h; sourceTree = "<group>"; };
		11A877354682937B4FA73880 /* LMSViewModelAssembly.h */ = {isa = PBXFileReference; fileEncoding = 4; lastKnownFileType = sourcecode.c.h; path = LMSViewModelAssembly.h; sourceTree = "<group>"; };
		11A8774001C9D699D10ACD3D /* LMSDataClientAssembly.h */ = {isa = PBXFileReference; fileEncoding = 4; lastKnownFileType = sourcecode.c.h; path = LMSDataClientAssembly.h; sourceTree = "<group>"; };
		11A878C6411ED86682DF7C7A /* LMSDataClientSupportedProtocols.h */ = {isa = PBXFileReference; fileEncoding = 4; lastKnownFileType = sourcecode.c.h; path = LMSDataClientSupportedProtocols.h; sourceTree = "<group>"; };
		11A879A651C8C18E1C0DEBC2 /* LMSViewModelAssembly.m */ = {isa = PBXFileReference; fileEncoding = 4; lastKnownFileType = sourcecode.c.objc; path = LMSViewModelAssembly.m; sourceTree = "<group>"; };
		11A87A14980388C31C5F7427 /* LMSSearchListViewController.m */ = {isa = PBXFileReference; fileEncoding = 4; lastKnownFileType = sourcecode.c.objc; path = LMSSearchListViewController.m; sourceTree = "<group>"; };
		11A87A50FBBE368B43801410 /* LMSYoutubeBackend.m */ = {isa = PBXFileReference; fileEncoding = 4; lastKnownFileType = sourcecode.c.objc; path = LMSYoutubeBackend.m; sourceTree = "<group>"; };
		11A87ACF13BA9DE5C2CE5709 /* LMSRootViewController.storyboard */ = {isa = PBXFileReference; lastKnownFileType = file.storyboard; path = LMSRootViewController.storyboard; sourceTree = "<group>"; };
		11A87C0F0F1D1C3655729D4B /* LMSApplicationAssembly.h */ = {isa = PBXFileReference; fileEncoding = 4; lastKnownFileType = sourcecode.c.h; path = LMSApplicationAssembly.h; sourceTree = "<group>"; };
		11A87C173F3D8E0A3DA04E0D /* LMSVideoPreviewViewModel.m */ = {isa = PBXFileReference; fileEncoding = 4; lastKnownFileType = sourcecode.c.objc; path = LMSVideoPreviewViewModel.m; sourceTree = "<group>"; };
		11A87C1C969A2222F4419825 /* LMSSearchListViewModel.m */ = {isa = PBXFileReference; fileEncoding = 4; lastKnownFileType = sourcecode.c.objc; path = LMSSearchListViewModel.m; sourceTree = "<group>"; };
		11A87DD27DC4023EC2B6EFC9 /* LMSRootViewController.m */ = {isa = PBXFileReference; fileEncoding = 4; lastKnownFileType = sourcecode.c.objc; path = LMSRootViewController.m; sourceTree = "<group>"; };
		11A87DF02F94B48EEC483A9F /* LMSDataClient.m */ = {isa = PBXFileReference; fileEncoding = 4; lastKnownFileType = sourcecode.c.objc; path = LMSDataClient.m; sourceTree = "<group>"; };
		11A87E06442FFB697BE2309C /* UISearchBar+RACAdditions.m */ = {isa = PBXFileReference; fileEncoding = 4; lastKnownFileType = sourcecode.c.objc; path = "UISearchBar+RACAdditions.m"; sourceTree = "<group>"; };
		11A87E21A11148234493091E /* LMSSearchListViewController.h */ = {isa = PBXFileReference; fileEncoding = 4; lastKnownFileType = sourcecode.c.h; path = LMSSearchListViewController.h; sourceTree = "<group>"; };
		11A87F38BF74357A654F0A4F /* LMSSearchListViewModel.h */ = {isa = PBXFileReference; fileEncoding = 4; lastKnownFileType = sourcecode.c.h; path = LMSSearchListViewModel.h; sourceTree = "<group>"; };
		2286062FBD08A43836ADE3C0 /* Pods.debug.xcconfig */ = {isa = PBXFileReference; includeInIndex = 1; lastKnownFileType = text.xcconfig; name = Pods.debug.xcconfig; path = "Pods/Target Support Files/Pods/Pods.debug.xcconfig"; sourceTree = "<group>"; };
		B494163C0A2E070383E6E1AC /* libPods.a */ = {isa = PBXFileReference; explicitFileType = archive.ar; includeInIndex = 0; path = libPods.a; sourceTree = BUILT_PRODUCTS_DIR; };
		BB7DA0AC9EEA1A9204CF0B6A /* Pods.release.xcconfig */ = {isa = PBXFileReference; includeInIndex = 1; lastKnownFileType = text.xcconfig; name = Pods.release.xcconfig; path = "Pods/Target Support Files/Pods/Pods.release.xcconfig"; sourceTree = "<group>"; };
		EBFC0BE71C01FED500C1F5EF /* ExampleYoutubePlayer.app */ = {isa = PBXFileReference; explicitFileType = wrapper.application; includeInIndex = 0; path = ExampleYoutubePlayer.app; sourceTree = BUILT_PRODUCTS_DIR; };
		EBFC0BEB1C01FED500C1F5EF /* main.m */ = {isa = PBXFileReference; lastKnownFileType = sourcecode.c.objc; path = main.m; sourceTree = "<group>"; };
		EBFC0BED1C01FED500C1F5EF /* AppDelegate.h */ = {isa = PBXFileReference; lastKnownFileType = sourcecode.c.h; path = AppDelegate.h; sourceTree = "<group>"; };
		EBFC0BEE1C01FED500C1F5EF /* AppDelegate.m */ = {isa = PBXFileReference; lastKnownFileType = sourcecode.c.objc; path = AppDelegate.m; sourceTree = "<group>"; };
		EBFC0BF61C01FED500C1F5EF /* Assets.xcassets */ = {isa = PBXFileReference; lastKnownFileType = folder.assetcatalog; path = Assets.xcassets; sourceTree = "<group>"; };
		EBFC0BF91C01FED500C1F5EF /* Base */ = {isa = PBXFileReference; lastKnownFileType = file.storyboard; name = Base; path = Base.lproj/LaunchScreen.storyboard; sourceTree = "<group>"; };
		EBFC0BFB1C01FED500C1F5EF /* Info.plist */ = {isa = PBXFileReference; lastKnownFileType = text.plist.xml; path = Info.plist; sourceTree = "<group>"; };
		EBFC0C001C01FED500C1F5EF /* ExampleYoutubePlayerTests.xctest */ = {isa = PBXFileReference; explicitFileType = wrapper.cfbundle; includeInIndex = 0; path = ExampleYoutubePlayerTests.xctest; sourceTree = BUILT_PRODUCTS_DIR; };
		EBFC0C041C01FED500C1F5EF /* ExampleYoutubePlayerTests.m */ = {isa = PBXFileReference; lastKnownFileType = sourcecode.c.objc; path = ExampleYoutubePlayerTests.m; sourceTree = "<group>"; };
		EBFC0C061C01FED500C1F5EF /* Info.plist */ = {isa = PBXFileReference; lastKnownFileType = text.plist.xml; path = Info.plist; sourceTree = "<group>"; };
		EBFC0C0B1C01FED500C1F5EF /* ExampleYoutubePlayerUITests.xctest */ = {isa = PBXFileReference; explicitFileType = wrapper.cfbundle; includeInIndex = 0; path = ExampleYoutubePlayerUITests.xctest; sourceTree = BUILT_PRODUCTS_DIR; };
		EBFC0C0F1C01FED500C1F5EF /* ExampleYoutubePlayerUITests.m */ = {isa = PBXFileReference; lastKnownFileType = sourcecode.c.objc; path = ExampleYoutubePlayerUITests.m; sourceTree = "<group>"; };
		EBFC0C111C01FED500C1F5EF /* Info.plist */ = {isa = PBXFileReference; lastKnownFileType = text.plist.xml; path = Info.plist; sourceTree = "<group>"; };
/* End PBXFileReference section */

/* Begin PBXFrameworksBuildPhase section */
		EBFC0BE41C01FED500C1F5EF /* Frameworks */ = {
			isa = PBXFrameworksBuildPhase;
			buildActionMask = 2147483647;
			files = (
				DFB7BB7D4AE76FE2573024A8 /* libPods.a in Frameworks */,
			);
			runOnlyForDeploymentPostprocessing = 0;
		};
		EBFC0BFD1C01FED500C1F5EF /* Frameworks */ = {
			isa = PBXFrameworksBuildPhase;
			buildActionMask = 2147483647;
			files = (
			);
			runOnlyForDeploymentPostprocessing = 0;
		};
		EBFC0C081C01FED500C1F5EF /* Frameworks */ = {
			isa = PBXFrameworksBuildPhase;
			buildActionMask = 2147483647;
			files = (
			);
			runOnlyForDeploymentPostprocessing = 0;
		};
/* End PBXFrameworksBuildPhase section */

/* Begin PBXGroup section */
		11A870EC6A7111336C9FA2E7 /* SearchList */ = {
			isa = PBXGroup;
			children = (
				11A87A14980388C31C5F7427 /* LMSSearchListViewController.m */,
				11A87E21A11148234493091E /* LMSSearchListViewController.h */,
				11A874002F6516638B97E26B /* Model */,
				11A87725DC2EFDA7F205618A /* LMSSearchListViewController.storyboard */,
			);
			path = SearchList;
			sourceTree = "<group>";
		};
		11A872BD7203B68CA25A9655 /* Backends */ = {
			isa = PBXGroup;
			children = (
				11A87A50FBBE368B43801410 /* LMSYoutubeBackend.m */,
				11A875CFFE338850BEC8817D /* LMSYoutubeBackend.h */,
			);
			path = Backends;
			sourceTree = "<group>";
		};
		11A873FB485F504596310423 /* Model */ = {
			isa = PBXGroup;
			children = (
				11A87C173F3D8E0A3DA04E0D /* LMSVideoPreviewViewModel.m */,
				11A875D27ECA9ADBB5B251D5 /* LMSVideoPreviewViewModel.h */,
			);
			path = Model;
			sourceTree = "<group>";
		};
		11A874002F6516638B97E26B /* Model */ = {
			isa = PBXGroup;
			children = (
				11A87C1C969A2222F4419825 /* LMSSearchListViewModel.m */,
				11A87F38BF74357A654F0A4F /* LMSSearchListViewModel.h */,
			);
			path = Model;
			sourceTree = "<group>";
		};
		11A87483FD2B38C9BB418AF9 /* Assemblies */ = {
			isa = PBXGroup;
			children = (
				11A8771E4D5BF1C35885AFBB /* LMSApplicationAssembly.m */,
				11A87C0F0F1D1C3655729D4B /* LMSApplicationAssembly.h */,
				11A8751CA8395C9444D99B14 /* ViewControllers */,
				11A875ACB88D3A809E7EFE23 /* LMSDataClientAssembly.m */,
				11A8774001C9D699D10ACD3D /* LMSDataClientAssembly.h */,
			);
			path = Assemblies;
			sourceTree = "<group>";
		};
		11A8751CA8395C9444D99B14 /* ViewControllers */ = {
			isa = PBXGroup;
			children = (
				11A8710330D7A3EF85E450FA /* LMSViewControllerAssembly.m */,
				11A875E9A55FEA3F2D5D2CA3 /* LMSViewControllerAssembly.h */,
				11A879A651C8C18E1C0DEBC2 /* LMSViewModelAssembly.m */,
				11A877354682937B4FA73880 /* LMSViewModelAssembly.h */,
			);
			path = ViewControllers;
			sourceTree = "<group>";
		};
		11A875966862FC1EB52E4EBA /* VideoPreview */ = {
			isa = PBXGroup;
			children = (
				11A873FEFBBB827F8343C766 /* LMSVideoPreviewViewController.m */,
				11A8769DCEB040B050E0D8D5 /* LMSVideoPreviewViewController.h */,
				11A874C13882BCD42F0135C7 /* LMSVideoPreviewViewController.storyboard */,
				11A873FB485F504596310423 /* Model */,
			);
			path = VideoPreview;
			sourceTree = "<group>";
		};
		11A876621B54B31D8EB504BA /* RootView */ = {
			isa = PBXGroup;
			children = (
				11A87DD27DC4023EC2B6EFC9 /* LMSRootViewController.m */,
				11A87375D51A28107693A459 /* LMSRootViewController.h */,
				11A87ACF13BA9DE5C2CE5709 /* LMSRootViewController.storyboard */,
			);
			path = RootView;
			sourceTree = "<group>";
		};
		11A878068B66912C5E65AD25 /* Source */ = {
			isa = PBXGroup;
			children = (
				11A87D4214FA77167163F727 /* ViewControllers */,
				11A87483FD2B38C9BB418AF9 /* Assemblies */,
				11A879D402BCA734DB3CFED2 /* Configuration */,
				11A87B0BDFCBD1B96DA6FD0D /* DataClient */,
				11A87BA7C5A2B01AE4AB8B54 /* Entities */,
				11A878CB260AF123E4B4D2B2 /* Common */,
			);
			path = Source;
			sourceTree = "<group>";
		};
		11A878CB260AF123E4B4D2B2 /* Common */ = {
			isa = PBXGroup;
			children = (
				11A87E06442FFB697BE2309C /* UISearchBar+RACAdditions.m */,
				11A875C6C527968EE4D917AC /* UISearchBar+RACAdditions.h */,
			);
			path = Common;
			sourceTree = "<group>";
		};
		11A879C69141007E6012318A /* Protocols */ = {
			isa = PBXGroup;
			children = (
				11A878C6411ED86682DF7C7A /* LMSDataClientSupportedProtocols.h */,
				11A874337C1FBA8C9E9DE8F7 /* LMSYoutubeAPIProtocol.h */,
			);
			path = Protocols;
			sourceTree = "<group>";
		};
		11A879D402BCA734DB3CFED2 /* Configuration */ = {
			isa = PBXGroup;
			children = (
				11A874D2A04BFF5627FCB0CE /* Configuration.json */,
			);
			path = Configuration;
			sourceTree = "<group>";
		};
		11A87B0BDFCBD1B96DA6FD0D /* DataClient */ = {
			isa = PBXGroup;
			children = (
				11A87DF02F94B48EEC483A9F /* LMSDataClient.m */,
				11A877306A699F78BEA0CBD6 /* LMSDataClient.h */,
				11A879C69141007E6012318A /* Protocols */,
				11A872BD7203B68CA25A9655 /* Backends */,
			);
			path = DataClient;
			sourceTree = "<group>";
		};
		11A87BA7C5A2B01AE4AB8B54 /* Entities */ = {
			isa = PBXGroup;
			children = (
				11A872F6B5945D5B48456824 /* LMSVideoSearchEntity.m */,
				11A8759F75CEB78D4E834E35 /* LMSVideoSearchEntity.h */,
			);
			path = Entities;
			sourceTree = "<group>";
		};
		11A87D4214FA77167163F727 /* ViewControllers */ = {
			isa = PBXGroup;
			children = (
				11A876621B54B31D8EB504BA /* RootView */,
				11A870EC6A7111336C9FA2E7 /* SearchList */,
				11A875966862FC1EB52E4EBA /* VideoPreview */,
			);
			path = ViewControllers;
			sourceTree = "<group>";
		};
		810D74944BF3B59318636E48 /* Frameworks */ = {
			isa = PBXGroup;
			children = (
				B494163C0A2E070383E6E1AC /* libPods.a */,
			);
			name = Frameworks;
			sourceTree = "<group>";
		};
		C70661BA5FD00323CDF1D74E /* Pods */ = {
			isa = PBXGroup;
			children = (
				2286062FBD08A43836ADE3C0 /* Pods.debug.xcconfig */,
				BB7DA0AC9EEA1A9204CF0B6A /* Pods.release.xcconfig */,
			);
			name = Pods;
			sourceTree = "<group>";
		};
		EBFC0BDE1C01FED500C1F5EF = {
			isa = PBXGroup;
			children = (
				EBFC0BE91C01FED500C1F5EF /* ExampleYoutubePlayer */,
				EBFC0C031C01FED500C1F5EF /* ExampleYoutubePlayerTests */,
				EBFC0C0E1C01FED500C1F5EF /* ExampleYoutubePlayerUITests */,
				EBFC0BE81C01FED500C1F5EF /* Products */,
				C70661BA5FD00323CDF1D74E /* Pods */,
				810D74944BF3B59318636E48 /* Frameworks */,
			);
			sourceTree = "<group>";
		};
		EBFC0BE81C01FED500C1F5EF /* Products */ = {
			isa = PBXGroup;
			children = (
				EBFC0BE71C01FED500C1F5EF /* ExampleYoutubePlayer.app */,
				EBFC0C001C01FED500C1F5EF /* ExampleYoutubePlayerTests.xctest */,
				EBFC0C0B1C01FED500C1F5EF /* ExampleYoutubePlayerUITests.xctest */,
			);
			name = Products;
			sourceTree = "<group>";
		};
		EBFC0BE91C01FED500C1F5EF /* ExampleYoutubePlayer */ = {
			isa = PBXGroup;
			children = (
				EBFC0BED1C01FED500C1F5EF /* AppDelegate.h */,
				EBFC0BEE1C01FED500C1F5EF /* AppDelegate.m */,
				EBFC0BF61C01FED500C1F5EF /* Assets.xcassets */,
				EBFC0BF81C01FED500C1F5EF /* LaunchScreen.storyboard */,
				EBFC0BFB1C01FED500C1F5EF /* Info.plist */,
				EBFC0BEA1C01FED500C1F5EF /* Supporting Files */,
				11A878068B66912C5E65AD25 /* Source */,
			);
			path = ExampleYoutubePlayer;
			sourceTree = "<group>";
		};
		EBFC0BEA1C01FED500C1F5EF /* Supporting Files */ = {
			isa = PBXGroup;
			children = (
				EBFC0BEB1C01FED500C1F5EF /* main.m */,
			);
			name = "Supporting Files";
			sourceTree = "<group>";
		};
		EBFC0C031C01FED500C1F5EF /* ExampleYoutubePlayerTests */ = {
			isa = PBXGroup;
			children = (
				EBFC0C041C01FED500C1F5EF /* ExampleYoutubePlayerTests.m */,
				EBFC0C061C01FED500C1F5EF /* Info.plist */,
			);
			path = ExampleYoutubePlayerTests;
			sourceTree = "<group>";
		};
		EBFC0C0E1C01FED500C1F5EF /* ExampleYoutubePlayerUITests */ = {
			isa = PBXGroup;
			children = (
				EBFC0C0F1C01FED500C1F5EF /* ExampleYoutubePlayerUITests.m */,
				EBFC0C111C01FED500C1F5EF /* Info.plist */,
			);
			path = ExampleYoutubePlayerUITests;
			sourceTree = "<group>";
		};
/* End PBXGroup section */

/* Begin PBXNativeTarget section */
		EBFC0BE61C01FED500C1F5EF /* ExampleYoutubePlayer */ = {
			isa = PBXNativeTarget;
			buildConfigurationList = EBFC0C141C01FED500C1F5EF /* Build configuration list for PBXNativeTarget "ExampleYoutubePlayer" */;
			buildPhases = (
				586E0B2200C872E86639795B /* Check Pods Manifest.lock */,
				EBFC0BE31C01FED500C1F5EF /* Sources */,
				EBFC0BE41C01FED500C1F5EF /* Frameworks */,
				EBFC0BE51C01FED500C1F5EF /* Resources */,
				18C372EB242E123B585F9416 /* Embed Pods Frameworks */,
				5F1B8DC5077A6C05880D2D75 /* Copy Pods Resources */,
			);
			buildRules = (
			);
			dependencies = (
			);
			name = ExampleYoutubePlayer;
			productName = ExampleYoutubePlayer;
			productReference = EBFC0BE71C01FED500C1F5EF /* ExampleYoutubePlayer.app */;
			productType = "com.apple.product-type.application";
		};
		EBFC0BFF1C01FED500C1F5EF /* ExampleYoutubePlayerTests */ = {
			isa = PBXNativeTarget;
			buildConfigurationList = EBFC0C171C01FED500C1F5EF /* Build configuration list for PBXNativeTarget "ExampleYoutubePlayerTests" */;
			buildPhases = (
				EBFC0BFC1C01FED500C1F5EF /* Sources */,
				EBFC0BFD1C01FED500C1F5EF /* Frameworks */,
				EBFC0BFE1C01FED500C1F5EF /* Resources */,
			);
			buildRules = (
			);
			dependencies = (
				EBFC0C021C01FED500C1F5EF /* PBXTargetDependency */,
			);
			name = ExampleYoutubePlayerTests;
			productName = ExampleYoutubePlayerTests;
			productReference = EBFC0C001C01FED500C1F5EF /* ExampleYoutubePlayerTests.xctest */;
			productType = "com.apple.product-type.bundle.unit-test";
		};
		EBFC0C0A1C01FED500C1F5EF /* ExampleYoutubePlayerUITests */ = {
			isa = PBXNativeTarget;
			buildConfigurationList = EBFC0C1A1C01FED500C1F5EF /* Build configuration list for PBXNativeTarget "ExampleYoutubePlayerUITests" */;
			buildPhases = (
				EBFC0C071C01FED500C1F5EF /* Sources */,
				EBFC0C081C01FED500C1F5EF /* Frameworks */,
				EBFC0C091C01FED500C1F5EF /* Resources */,
			);
			buildRules = (
			);
			dependencies = (
				EBFC0C0D1C01FED500C1F5EF /* PBXTargetDependency */,
			);
			name = ExampleYoutubePlayerUITests;
			productName = ExampleYoutubePlayerUITests;
			productReference = EBFC0C0B1C01FED500C1F5EF /* ExampleYoutubePlayerUITests.xctest */;
			productType = "com.apple.product-type.bundle.ui-testing";
		};
/* End PBXNativeTarget section */

/* Begin PBXProject section */
		EBFC0BDF1C01FED500C1F5EF /* Project object */ = {
			isa = PBXProject;
			attributes = {
				CLASSPREFIX = LMS;
				LastUpgradeCheck = 0710;
				ORGANIZATIONNAME = "Łukasz Śliwa";
				TargetAttributes = {
					EBFC0BE61C01FED500C1F5EF = {
						CreatedOnToolsVersion = 7.1.1;
						DevelopmentTeam = AG5QB43ZAT;
					};
					EBFC0BFF1C01FED500C1F5EF = {
						CreatedOnToolsVersion = 7.1.1;
						TestTargetID = EBFC0BE61C01FED500C1F5EF;
					};
					EBFC0C0A1C01FED500C1F5EF = {
						CreatedOnToolsVersion = 7.1.1;
						TestTargetID = EBFC0BE61C01FED500C1F5EF;
					};
				};
			};
			buildConfigurationList = EBFC0BE21C01FED500C1F5EF /* Build configuration list for PBXProject "ExampleYoutubePlayer" */;
			compatibilityVersion = "Xcode 3.2";
			developmentRegion = English;
			hasScannedForEncodings = 0;
			knownRegions = (
				en,
				Base,
			);
			mainGroup = EBFC0BDE1C01FED500C1F5EF;
			productRefGroup = EBFC0BE81C01FED500C1F5EF /* Products */;
			projectDirPath = "";
			projectRoot = "";
			targets = (
				EBFC0BE61C01FED500C1F5EF /* ExampleYoutubePlayer */,
				EBFC0BFF1C01FED500C1F5EF /* ExampleYoutubePlayerTests */,
				EBFC0C0A1C01FED500C1F5EF /* ExampleYoutubePlayerUITests */,
			);
		};
/* End PBXProject section */

/* Begin PBXResourcesBuildPhase section */
		EBFC0BE51C01FED500C1F5EF /* Resources */ = {
			isa = PBXResourcesBuildPhase;
			buildActionMask = 2147483647;
			files = (
				EBFC0BFA1C01FED500C1F5EF /* LaunchScreen.storyboard in Resources */,
				EBFC0BF71C01FED500C1F5EF /* Assets.xcassets in Resources */,
				11A87EBA5049703ACD79C96E /* LMSRootViewController.storyboard in Resources */,
				11A87CC91642F986E0509C19 /* Configuration.json in Resources */,
				11A8746DF78FF5F965BD952F /* LMSSearchListViewController.storyboard in Resources */,
				11A87DF501DB32F6316020C4 /* LMSVideoPreviewViewController.storyboard in Resources */,
			);
			runOnlyForDeploymentPostprocessing = 0;
		};
		EBFC0BFE1C01FED500C1F5EF /* Resources */ = {
			isa = PBXResourcesBuildPhase;
			buildActionMask = 2147483647;
			files = (
			);
			runOnlyForDeploymentPostprocessing = 0;
		};
		EBFC0C091C01FED500C1F5EF /* Resources */ = {
			isa = PBXResourcesBuildPhase;
			buildActionMask = 2147483647;
			files = (
			);
			runOnlyForDeploymentPostprocessing = 0;
		};
/* End PBXResourcesBuildPhase section */

/* Begin PBXShellScriptBuildPhase section */
		18C372EB242E123B585F9416 /* Embed Pods Frameworks */ = {
			isa = PBXShellScriptBuildPhase;
			buildActionMask = 2147483647;
			files = (
			);
			inputPaths = (
			);
			name = "Embed Pods Frameworks";
			outputPaths = (
			);
			runOnlyForDeploymentPostprocessing = 0;
			shellPath = /bin/sh;
			shellScript = "\"${SRCROOT}/Pods/Target Support Files/Pods/Pods-frameworks.sh\"\n";
			showEnvVarsInLog = 0;
		};
		586E0B2200C872E86639795B /* Check Pods Manifest.lock */ = {
			isa = PBXShellScriptBuildPhase;
			buildActionMask = 2147483647;
			files = (
			);
			inputPaths = (
			);
			name = "Check Pods Manifest.lock";
			outputPaths = (
			);
			runOnlyForDeploymentPostprocessing = 0;
			shellPath = /bin/sh;
			shellScript = "diff \"${PODS_ROOT}/../Podfile.lock\" \"${PODS_ROOT}/Manifest.lock\" > /dev/null\nif [[ $? != 0 ]] ; then\n    cat << EOM\nerror: The sandbox is not in sync with the Podfile.lock. Run 'pod install' or update your CocoaPods installation.\nEOM\n    exit 1\nfi\n";
			showEnvVarsInLog = 0;
		};
		5F1B8DC5077A6C05880D2D75 /* Copy Pods Resources */ = {
			isa = PBXShellScriptBuildPhase;
			buildActionMask = 2147483647;
			files = (
			);
			inputPaths = (
			);
			name = "Copy Pods Resources";
			outputPaths = (
			);
			runOnlyForDeploymentPostprocessing = 0;
			shellPath = /bin/sh;
			shellScript = "\"${SRCROOT}/Pods/Target Support Files/Pods/Pods-resources.sh\"\n";
			showEnvVarsInLog = 0;
		};
/* End PBXShellScriptBuildPhase section */

/* Begin PBXSourcesBuildPhase section */
		EBFC0BE31C01FED500C1F5EF /* Sources */ = {
			isa = PBXSourcesBuildPhase;
			buildActionMask = 2147483647;
			files = (
				EBFC0BEF1C01FED500C1F5EF /* AppDelegate.m in Sources */,
				EBFC0BEC1C01FED500C1F5EF /* main.m in Sources */,
				11A87BAC08A865388A8210CA /* LMSRootViewController.m in Sources */,
				11A87C774E5A22B0893ECDA8 /* LMSApplicationAssembly.m in Sources */,
				11A87DD9F99E3AB6474D2EBE /* LMSViewControllerAssembly.m in Sources */,
				11A87E53B7FC5EA6989F20B1 /* LMSViewModelAssembly.m in Sources */,
				11A87CA8290FE9562E0DE9F3 /* LMSDataClient.m in Sources */,
				11A87CF5365BB1E8847702E3 /* LMSYoutubeBackend.m in Sources */,
				11A87509A686F5455DA2D792 /* LMSDataClientAssembly.m in Sources */,
				11A87C0683C1FC699D7F57CB /* LMSSearchListViewController.m in Sources */,
				11A873C48278641884BEEA0A /* LMSSearchListViewModel.m in Sources */,
				11A8785BA0BEB09B1AECB248 /* LMSVideoSearchEntity.m in Sources */,
				11A8752E7780800CB274260A /* UISearchBar+RACAdditions.m in Sources */,
				11A875E6D3EC42942E3E4889 /* LMSVideoPreviewViewController.m in Sources */,
				11A87BAE295A1E9065FC0FF5 /* LMSVideoPreviewViewModel.m in Sources */,
			);
			runOnlyForDeploymentPostprocessing = 0;
		};
		EBFC0BFC1C01FED500C1F5EF /* Sources */ = {
			isa = PBXSourcesBuildPhase;
			buildActionMask = 2147483647;
			files = (
				EBFC0C051C01FED500C1F5EF /* ExampleYoutubePlayerTests.m in Sources */,
			);
			runOnlyForDeploymentPostprocessing = 0;
		};
		EBFC0C071C01FED500C1F5EF /* Sources */ = {
			isa = PBXSourcesBuildPhase;
			buildActionMask = 2147483647;
			files = (
				EBFC0C101C01FED500C1F5EF /* ExampleYoutubePlayerUITests.m in Sources */,
			);
			runOnlyForDeploymentPostprocessing = 0;
		};
/* End PBXSourcesBuildPhase section */

/* Begin PBXTargetDependency section */
		EBFC0C021C01FED500C1F5EF /* PBXTargetDependency */ = {
			isa = PBXTargetDependency;
			target = EBFC0BE61C01FED500C1F5EF /* ExampleYoutubePlayer */;
			targetProxy = EBFC0C011C01FED500C1F5EF /* PBXContainerItemProxy */;
		};
		EBFC0C0D1C01FED500C1F5EF /* PBXTargetDependency */ = {
			isa = PBXTargetDependency;
			target = EBFC0BE61C01FED500C1F5EF /* ExampleYoutubePlayer */;
			targetProxy = EBFC0C0C1C01FED500C1F5EF /* PBXContainerItemProxy */;
		};
/* End PBXTargetDependency section */

/* Begin PBXVariantGroup section */
		EBFC0BF81C01FED500C1F5EF /* LaunchScreen.storyboard */ = {
			isa = PBXVariantGroup;
			children = (
				EBFC0BF91C01FED500C1F5EF /* Base */,
			);
			name = LaunchScreen.storyboard;
			sourceTree = "<group>";
		};
/* End PBXVariantGroup section */

/* Begin XCBuildConfiguration section */
		EBFC0C121C01FED500C1F5EF /* Debug */ = {
			isa = XCBuildConfiguration;
			buildSettings = {
				ALWAYS_SEARCH_USER_PATHS = NO;
				CLANG_CXX_LANGUAGE_STANDARD = "gnu++0x";
				CLANG_CXX_LIBRARY = "libc++";
				CLANG_ENABLE_MODULES = YES;
				CLANG_ENABLE_OBJC_ARC = YES;
				CLANG_WARN_BOOL_CONVERSION = YES;
				CLANG_WARN_CONSTANT_CONVERSION = YES;
				CLANG_WARN_DIRECT_OBJC_ISA_USAGE = YES_ERROR;
				CLANG_WARN_EMPTY_BODY = YES;
				CLANG_WARN_ENUM_CONVERSION = YES;
				CLANG_WARN_INT_CONVERSION = YES;
				CLANG_WARN_OBJC_ROOT_CLASS = YES_ERROR;
				CLANG_WARN_UNREACHABLE_CODE = YES;
				CLANG_WARN__DUPLICATE_METHOD_MATCH = YES;
				"CODE_SIGN_IDENTITY[sdk=iphoneos*]" = "iPhone Developer";
				COPY_PHASE_STRIP = NO;
				DEBUG_INFORMATION_FORMAT = dwarf;
				ENABLE_STRICT_OBJC_MSGSEND = YES;
				ENABLE_TESTABILITY = YES;
				GCC_C_LANGUAGE_STANDARD = gnu99;
				GCC_DYNAMIC_NO_PIC = NO;
				GCC_NO_COMMON_BLOCKS = YES;
				GCC_OPTIMIZATION_LEVEL = 0;
				GCC_PREPROCESSOR_DEFINITIONS = (
					"DEBUG=1",
					"$(inherited)",
				);
				GCC_WARN_64_TO_32_BIT_CONVERSION = YES;
				GCC_WARN_ABOUT_RETURN_TYPE = YES_ERROR;
				GCC_WARN_UNDECLARED_SELECTOR = YES;
				GCC_WARN_UNINITIALIZED_AUTOS = YES_AGGRESSIVE;
				GCC_WARN_UNUSED_FUNCTION = YES;
				GCC_WARN_UNUSED_VARIABLE = YES;
				IPHONEOS_DEPLOYMENT_TARGET = 9.1;
				MTL_ENABLE_DEBUG_INFO = YES;
				ONLY_ACTIVE_ARCH = YES;
				SDKROOT = iphoneos;
			};
			name = Debug;
		};
		EBFC0C131C01FED500C1F5EF /* Release */ = {
			isa = XCBuildConfiguration;
			buildSettings = {
				ALWAYS_SEARCH_USER_PATHS = NO;
				CLANG_CXX_LANGUAGE_STANDARD = "gnu++0x";
				CLANG_CXX_LIBRARY = "libc++";
				CLANG_ENABLE_MODULES = YES;
				CLANG_ENABLE_OBJC_ARC = YES;
				CLANG_WARN_BOOL_CONVERSION = YES;
				CLANG_WARN_CONSTANT_CONVERSION = YES;
				CLANG_WARN_DIRECT_OBJC_ISA_USAGE = YES_ERROR;
				CLANG_WARN_EMPTY_BODY = YES;
				CLANG_WARN_ENUM_CONVERSION = YES;
				CLANG_WARN_INT_CONVERSION = YES;
				CLANG_WARN_OBJC_ROOT_CLASS = YES_ERROR;
				CLANG_WARN_UNREACHABLE_CODE = YES;
				CLANG_WARN__DUPLICATE_METHOD_MATCH = YES;
				"CODE_SIGN_IDENTITY[sdk=iphoneos*]" = "iPhone Developer";
				COPY_PHASE_STRIP = NO;
				DEBUG_INFORMATION_FORMAT = "dwarf-with-dsym";
				ENABLE_NS_ASSERTIONS = NO;
				ENABLE_STRICT_OBJC_MSGSEND = YES;
				GCC_C_LANGUAGE_STANDARD = gnu99;
				GCC_NO_COMMON_BLOCKS = YES;
				GCC_WARN_64_TO_32_BIT_CONVERSION = YES;
				GCC_WARN_ABOUT_RETURN_TYPE = YES_ERROR;
				GCC_WARN_UNDECLARED_SELECTOR = YES;
				GCC_WARN_UNINITIALIZED_AUTOS = YES_AGGRESSIVE;
				GCC_WARN_UNUSED_FUNCTION = YES;
				GCC_WARN_UNUSED_VARIABLE = YES;
				IPHONEOS_DEPLOYMENT_TARGET = 9.1;
				MTL_ENABLE_DEBUG_INFO = NO;
				SDKROOT = iphoneos;
				VALIDATE_PRODUCT = YES;
			};
			name = Release;
		};
		EBFC0C151C01FED500C1F5EF /* Debug */ = {
			isa = XCBuildConfiguration;
			baseConfigurationReference = 2286062FBD08A43836ADE3C0 /* Pods.debug.xcconfig */;
			buildSettings = {
				ASSETCATALOG_COMPILER_APPICON_NAME = AppIcon;
				CODE_SIGN_IDENTITY = "iPhone Developer";
				INFOPLIST_FILE = ExampleYoutubePlayer/Info.plist;
				IPHONEOS_DEPLOYMENT_TARGET = 9.0;
				LD_RUNPATH_SEARCH_PATHS = "$(inherited) @executable_path/Frameworks";
				PRODUCT_BUNDLE_IDENTIFIER = LMSliwa.ExampleYoutubePlayer;
				PRODUCT_NAME = "$(TARGET_NAME)";
			};
			name = Debug;
		};
		EBFC0C161C01FED500C1F5EF /* Release */ = {
			isa = XCBuildConfiguration;
			baseConfigurationReference = BB7DA0AC9EEA1A9204CF0B6A /* Pods.release.xcconfig */;
			buildSettings = {
				ASSETCATALOG_COMPILER_APPICON_NAME = AppIcon;
				CODE_SIGN_IDENTITY = "iPhone Developer";
				INFOPLIST_FILE = ExampleYoutubePlayer/Info.plist;
				IPHONEOS_DEPLOYMENT_TARGET = 9.0;
				LD_RUNPATH_SEARCH_PATHS = "$(inherited) @executable_path/Frameworks";
				PRODUCT_BUNDLE_IDENTIFIER = LMSliwa.ExampleYoutubePlayer;
				PRODUCT_NAME = "$(TARGET_NAME)";
			};
			name = Release;
		};
		EBFC0C181C01FED500C1F5EF /* Debug */ = {
			isa = XCBuildConfiguration;
			buildSettings = {
				BUNDLE_LOADER = "$(TEST_HOST)";
				INFOPLIST_FILE = ExampleYoutubePlayerTests/Info.plist;
				LD_RUNPATH_SEARCH_PATHS = "$(inherited) @executable_path/Frameworks @loader_path/Frameworks";
				PRODUCT_BUNDLE_IDENTIFIER = LMSliwa.ExampleYoutubePlayerTests;
				PRODUCT_NAME = "$(TARGET_NAME)";
				TEST_HOST = "$(BUILT_PRODUCTS_DIR)/ExampleYoutubePlayer.app/ExampleYoutubePlayer";
			};
			name = Debug;
		};
		EBFC0C191C01FED500C1F5EF /* Release */ = {
			isa = XCBuildConfiguration;
			buildSettings = {
				BUNDLE_LOADER = "$(TEST_HOST)";
				INFOPLIST_FILE = ExampleYoutubePlayerTests/Info.plist;
				LD_RUNPATH_SEARCH_PATHS = "$(inherited) @executable_path/Frameworks @loader_path/Frameworks";
				PRODUCT_BUNDLE_IDENTIFIER = LMSliwa.ExampleYoutubePlayerTests;
				PRODUCT_NAME = "$(TARGET_NAME)";
				TEST_HOST = "$(BUILT_PRODUCTS_DIR)/ExampleYoutubePlayer.app/ExampleYoutubePlayer";
			};
			name = Release;
		};
		EBFC0C1B1C01FED500C1F5EF /* Debug */ = {
			isa = XCBuildConfiguration;
			buildSettings = {
				INFOPLIST_FILE = ExampleYoutubePlayerUITests/Info.plist;
				LD_RUNPATH_SEARCH_PATHS = "$(inherited) @executable_path/Frameworks @loader_path/Frameworks";
				PRODUCT_BUNDLE_IDENTIFIER = LMSliwa.ExampleYoutubePlayerUITests;
				PRODUCT_NAME = "$(TARGET_NAME)";
				TEST_TARGET_NAME = ExampleYoutubePlayer;
				USES_XCTRUNNER = YES;
			};
			name = Debug;
		};
		EBFC0C1C1C01FED500C1F5EF /* Release */ = {
			isa = XCBuildConfiguration;
			buildSettings = {
				INFOPLIST_FILE = ExampleYoutubePlayerUITests/Info.plist;
				LD_RUNPATH_SEARCH_PATHS = "$(inherited) @executable_path/Frameworks @loader_path/Frameworks";
				PRODUCT_BUNDLE_IDENTIFIER = LMSliwa.ExampleYoutubePlayerUITests;
				PRODUCT_NAME = "$(TARGET_NAME)";
				TEST_TARGET_NAME = ExampleYoutubePlayer;
				USES_XCTRUNNER = YES;
			};
			name = Release;
		};
/* End XCBuildConfiguration section */

/* Begin XCConfigurationList section */
		EBFC0BE21C01FED500C1F5EF /* Build configuration list for PBXProject "ExampleYoutubePlayer" */ = {
			isa = XCConfigurationList;
			buildConfigurations = (
				EBFC0C121C01FED500C1F5EF /* Debug */,
				EBFC0C131C01FED500C1F5EF /* Release */,
			);
			defaultConfigurationIsVisible = 0;
			defaultConfigurationName = Release;
		};
		EBFC0C141C01FED500C1F5EF /* Build configuration list for PBXNativeTarget "ExampleYoutubePlayer" */ = {
			isa = XCConfigurationList;
			buildConfigurations = (
				EBFC0C151C01FED500C1F5EF /* Debug */,
				EBFC0C161C01FED500C1F5EF /* Release */,
			);
			defaultConfigurationIsVisible = 0;
			defaultConfigurationName = Release;
		};
		EBFC0C171C01FED500C1F5EF /* Build configuration list for PBXNativeTarget "ExampleYoutubePlayerTests" */ = {
			isa = XCConfigurationList;
			buildConfigurations = (
				EBFC0C181C01FED500C1F5EF /* Debug */,
				EBFC0C191C01FED500C1F5EF /* Release */,
			);
			defaultConfigurationIsVisible = 0;
			defaultConfigurationName = Release;
		};
		EBFC0C1A1C01FED500C1F5EF /* Build configuration list for PBXNativeTarget "ExampleYoutubePlayerUITests" */ = {
			isa = XCConfigurationList;
			buildConfigurations = (
				EBFC0C1B1C01FED500C1F5EF /* Debug */,
				EBFC0C1C1C01FED500C1F5EF /* Release */,
			);
			defaultConfigurationIsVisible = 0;
			defaultConfigurationName = Release;
		};
/* End XCConfigurationList section */
	};
	rootObject = EBFC0BDF1C01FED500C1F5EF /* Project object */;
}
